{
  "version": 4,
  "terraform_version": "1.5.0",
  "serial": 231,
  "lineage": "e009d9a8-7f17-dc23-f195-8ca65ca41d98",
  "outputs": {
    "chain_id": {
      "value": 7109,
      "type": "number"
    },
    "ecs_cluster_name": {
      "value": "geth-cipherem-zkrollup",
      "type": "string"
    },
    "geth_rpc_endpoint": {
      "value": "http://nlb-geth-cipherem-zkrollup-6901ff8e5560c80e.elb.ap-southeast-1.amazonaws.com:22000",
      "type": "string"
    },
    "status": {
      "value": "Completed!\n\nNetwork Name                          = cipherem-zkrollup\nNumber of Ethereum Nodes              = 6\nGeth Task Revision                    = 4\nS3 Bucket Name                        = ap-southeast-1-ecs-cipherem-zkrollup-34eebcde0f0b56d4\nCloudWatch Log Group                  = /ecs/go-ethereum/cipherem-zkrollup\n",
      "type": "string"
    }
  },
  "resources": [
    {
      "module": "module.cipherem",
      "mode": "data",
      "type": "aws_caller_identity",
      "name": "this",
      "provider": "module.cipherem.provider[\"registry.terraform.io/hashicorp/aws\"]",
      "instances": [
        {
          "schema_version": 0,
          "attributes": {
            "account_id": "740429191204",
            "arn": "arn:aws:iam::740429191204:root",
            "id": "740429191204",
            "user_id": "740429191204"
          },
          "sensitive_attributes": []
        }
      ]
    },
    {
      "module": "module.cipherem",
      "mode": "data",
      "type": "aws_iam_policy_document",
      "name": "allow_all_access_within_account",
      "provider": "module.cipherem.provider[\"registry.terraform.io/hashicorp/aws\"]",
      "instances": [
        {
          "schema_version": 0,
          "attributes": {
            "id": "483848241",
            "json": "{\n  \"Version\": \"2012-10-17\",\n  \"Statement\": [\n    {\n      \"Sid\": \"AllowAccess\",\n      \"Effect\": \"Allow\",\n      \"Action\": \"s3:*\",\n      \"Resource\": [\n        \"arn:aws:s3:::ap-southeast-1-ecs-cipherem-zkrollup-34eebcde0f0b56d4/*\",\n        \"arn:aws:s3:::ap-southeast-1-ecs-cipherem-zkrollup-34eebcde0f0b56d4\"\n      ],\n      \"Principal\": {\n        \"AWS\": \"arn:aws:iam::740429191204:root\"\n      }\n    }\n  ]\n}",
            "override_json": null,
            "override_policy_documents": null,
            "policy_id": null,
            "source_json": null,
            "source_policy_documents": null,
            "statement": [
              {
                "actions": [
                  "s3:*"
                ],
                "condition": [],
                "effect": "Allow",
                "not_actions": [],
                "not_principals": [],
                "not_resources": [],
                "principals": [
                  {
                    "identifiers": [
                      "arn:aws:iam::740429191204:root"
                    ],
                    "type": "AWS"
                  }
                ],
                "resources": [
                  "arn:aws:s3:::ap-southeast-1-ecs-cipherem-zkrollup-34eebcde0f0b56d4",
                  "arn:aws:s3:::ap-southeast-1-ecs-cipherem-zkrollup-34eebcde0f0b56d4/*"
                ],
                "sid": "AllowAccess"
              }
            ],
            "version": "2012-10-17"
          },
          "sensitive_attributes": []
        }
      ]
    },
    {
      "module": "module.cipherem",
      "mode": "data",
      "type": "aws_iam_policy_document",
      "name": "ecs_task",
      "provider": "module.cipherem.provider[\"registry.terraform.io/hashicorp/aws\"]",
      "instances": [
        {
          "schema_version": 0,
          "attributes": {
            "id": "109384737",
            "json": "{\n  \"Version\": \"2012-10-17\",\n  \"Statement\": [\n    {\n      \"Sid\": \"AllowS3Access\",\n      \"Effect\": \"Allow\",\n      \"Action\": \"s3:*\",\n      \"Resource\": [\n        \"arn:aws:s3:::ap-southeast-1-ecs-cipherem-zkrollup-34eebcde0f0b56d4/*\",\n        \"arn:aws:s3:::ap-southeast-1-ecs-cipherem-zkrollup-34eebcde0f0b56d4\"\n      ]\n    },\n    {\n      \"Sid\": \"AllowECS\",\n      \"Effect\": \"Allow\",\n      \"Action\": \"ecs:DescribeTasks\",\n      \"Resource\": \"*\"\n    }\n  ]\n}",
            "override_json": null,
            "override_policy_documents": null,
            "policy_id": null,
            "source_json": null,
            "source_policy_documents": null,
            "statement": [
              {
                "actions": [
                  "s3:*"
                ],
                "condition": [],
                "effect": "Allow",
                "not_actions": [],
                "not_principals": [],
                "not_resources": [],
                "principals": [],
                "resources": [
                  "arn:aws:s3:::ap-southeast-1-ecs-cipherem-zkrollup-34eebcde0f0b56d4",
                  "arn:aws:s3:::ap-southeast-1-ecs-cipherem-zkrollup-34eebcde0f0b56d4/*"
                ],
                "sid": "AllowS3Access"
              },
              {
                "actions": [
                  "ecs:DescribeTasks"
                ],
                "condition": [],
                "effect": "Allow",
                "not_actions": [],
                "not_principals": [],
                "not_resources": [],
                "principals": [],
                "resources": [
                  "*"
                ],
                "sid": "AllowECS"
              }
            ],
            "version": "2012-10-17"
          },
          "sensitive_attributes": []
        }
      ]
    },
    {
      "module": "module.cipherem",
      "mode": "managed",
      "type": "aws_cloudwatch_log_group",
      "name": "go_ethereum",
      "provider": "module.cipherem.provider[\"registry.terraform.io/hashicorp/aws\"]",
      "instances": [
        {
          "schema_version": 0,
          "attributes": {
            "arn": "arn:aws:logs:ap-southeast-1:740429191204:log-group:/ecs/go-ethereum/cipherem-zkrollup",
            "id": "/ecs/go-ethereum/cipherem-zkrollup",
            "kms_key_id": "",
            "name": "/ecs/go-ethereum/cipherem-zkrollup",
            "name_prefix": "",
            "retention_in_days": 7,
            "skip_destroy": false,
            "tags": {
              "EthereumNetworkName": "cipherem-zkrollup"
            },
            "tags_all": {
              "EthereumNetworkName": "cipherem-zkrollup"
            }
          },
          "sensitive_attributes": [],
          "private": "bnVsbA=="
        }
      ]
    },
    {
      "module": "module.cipherem",
      "mode": "managed",
      "type": "aws_ecs_cluster",
      "name": "ethereum",
      "provider": "module.cipherem.provider[\"registry.terraform.io/hashicorp/aws\"]",
      "instances": [
        {
          "schema_version": 0,
          "attributes": {
            "arn": "arn:aws:ecs:ap-southeast-1:740429191204:cluster/geth-cipherem-zkrollup",
            "capacity_providers": [],
            "configuration": [],
            "default_capacity_provider_strategy": [],
            "id": "arn:aws:ecs:ap-southeast-1:740429191204:cluster/geth-cipherem-zkrollup",
            "name": "geth-cipherem-zkrollup",
            "service_connect_defaults": [],
            "setting": [
              {
                "name": "containerInsights",
                "value": "disabled"
              }
            ],
            "tags": {},
            "tags_all": {}
          },
          "sensitive_attributes": [],
          "private": "bnVsbA=="
        }
      ]
    },
    {
      "module": "module.cipherem",
      "mode": "managed",
      "type": "aws_ecs_service",
      "name": "go_ethereum",
      "provider": "module.cipherem.provider[\"registry.terraform.io/hashicorp/aws\"]",
      "instances": [
        {
          "index_key": 0,
          "schema_version": 0,
          "attributes": {
            "alarms": [],
            "capacity_provider_strategy": [],
            "cluster": "arn:aws:ecs:ap-southeast-1:740429191204:cluster/geth-cipherem-zkrollup",
            "deployment_circuit_breaker": [
              {
                "enable": false,
                "rollback": false
              }
            ],
            "deployment_controller": [
              {
                "type": "ECS"
              }
            ],
            "deployment_maximum_percent": 200,
            "deployment_minimum_healthy_percent": 100,
            "desired_count": 1,
            "enable_ecs_managed_tags": false,
            "enable_execute_command": false,
            "force_new_deployment": null,
            "health_check_grace_period_seconds": 0,
            "iam_role": "/aws-service-role/ecs.amazonaws.com/AWSServiceRoleForECS",
            "id": "arn:aws:ecs:ap-southeast-1:740429191204:service/geth-cipherem-zkrollup/node-01-cipherem-zkrollup",
            "launch_type": "FARGATE",
            "load_balancer": [
              {
                "container_name": "go-ethereum",
                "container_port": 22000,
                "elb_name": "",
                "target_group_arn": "arn:aws:elasticloadbalancing:ap-southeast-1:740429191204:targetgroup/geth-cipherem-zkrollup/e700dfb4a8e8edee"
              }
            ],
            "name": "node-01-cipherem-zkrollup",
            "network_configuration": [
              {
                "assign_public_ip": false,
                "security_groups": [
                  "sg-04d7e64f69933d98a"
                ],
                "subnets": [
                  "subnet-0118823ee8ba1c3e2",
                  "subnet-044b115ee3f389342",
                  "subnet-0b755989bc27196f1"
                ]
              }
            ],
            "ordered_placement_strategy": [],
            "placement_constraints": [],
            "platform_version": "LATEST",
            "propagate_tags": "NONE",
            "scheduling_strategy": "REPLICA",
            "service_connect_configuration": [],
            "service_registries": [],
            "tags": {},
            "tags_all": {},
            "task_definition": "arn:aws:ecs:ap-southeast-1:740429191204:task-definition/go-ethereum-cipherem-zkrollup:4",
            "timeouts": null,
            "triggers": {},
            "wait_for_steady_state": false
          },
          "sensitive_attributes": [],
          "private": "eyJlMmJmYjczMC1lY2FhLTExZTYtOGY4OC0zNDM2M2JjN2M0YzAiOnsiY3JlYXRlIjoxMjAwMDAwMDAwMDAwLCJkZWxldGUiOjEyMDAwMDAwMDAwMDAsInVwZGF0ZSI6MTIwMDAwMDAwMDAwMH19",
          "dependencies": [
            "module.cipherem.aws_cloudwatch_log_group.go_ethereum",
            "module.cipherem.aws_ecs_cluster.ethereum",
            "module.cipherem.aws_ecs_task_definition.go_ethereum",
            "module.cipherem.aws_iam_role.ecs_task",
            "module.cipherem.aws_lb_target_group.nlb_tg_go_ethereum",
            "module.cipherem.aws_security_group.go_ethereum",
            "module.cipherem.random_id.bucket_postfix",
            "module.cipherem.random_integer.network_id"
          ]
        },
        {
          "index_key": 1,
          "schema_version": 0,
          "attributes": {
            "alarms": [],
            "capacity_provider_strategy": [],
            "cluster": "arn:aws:ecs:ap-southeast-1:740429191204:cluster/geth-cipherem-zkrollup",
            "deployment_circuit_breaker": [
              {
                "enable": false,
                "rollback": false
              }
            ],
            "deployment_controller": [
              {
                "type": "ECS"
              }
            ],
            "deployment_maximum_percent": 200,
            "deployment_minimum_healthy_percent": 100,
            "desired_count": 1,
            "enable_ecs_managed_tags": false,
            "enable_execute_command": false,
            "force_new_deployment": null,
            "health_check_grace_period_seconds": 0,
            "iam_role": "/aws-service-role/ecs.amazonaws.com/AWSServiceRoleForECS",
            "id": "arn:aws:ecs:ap-southeast-1:740429191204:service/geth-cipherem-zkrollup/node-02-cipherem-zkrollup",
            "launch_type": "FARGATE",
            "load_balancer": [
              {
                "container_name": "go-ethereum",
                "container_port": 22000,
                "elb_name": "",
                "target_group_arn": "arn:aws:elasticloadbalancing:ap-southeast-1:740429191204:targetgroup/geth-cipherem-zkrollup/e700dfb4a8e8edee"
              }
            ],
            "name": "node-02-cipherem-zkrollup",
            "network_configuration": [
              {
                "assign_public_ip": false,
                "security_groups": [
                  "sg-04d7e64f69933d98a"
                ],
                "subnets": [
                  "subnet-0118823ee8ba1c3e2",
                  "subnet-044b115ee3f389342",
                  "subnet-0b755989bc27196f1"
                ]
              }
            ],
            "ordered_placement_strategy": [],
            "placement_constraints": [],
            "platform_version": "LATEST",
            "propagate_tags": "NONE",
            "scheduling_strategy": "REPLICA",
            "service_connect_configuration": [],
            "service_registries": [],
            "tags": {},
            "tags_all": {},
            "task_definition": "arn:aws:ecs:ap-southeast-1:740429191204:task-definition/go-ethereum-cipherem-zkrollup:4",
            "timeouts": null,
            "triggers": {},
            "wait_for_steady_state": false
          },
          "sensitive_attributes": [],
          "private": "eyJlMmJmYjczMC1lY2FhLTExZTYtOGY4OC0zNDM2M2JjN2M0YzAiOnsiY3JlYXRlIjoxMjAwMDAwMDAwMDAwLCJkZWxldGUiOjEyMDAwMDAwMDAwMDAsInVwZGF0ZSI6MTIwMDAwMDAwMDAwMH19",
          "dependencies": [
            "module.cipherem.aws_cloudwatch_log_group.go_ethereum",
            "module.cipherem.aws_ecs_cluster.ethereum",
            "module.cipherem.aws_ecs_task_definition.go_ethereum",
            "module.cipherem.aws_iam_role.ecs_task",
            "module.cipherem.aws_lb_target_group.nlb_tg_go_ethereum",
            "module.cipherem.aws_security_group.go_ethereum",
            "module.cipherem.random_id.bucket_postfix",
            "module.cipherem.random_integer.network_id"
          ]
        },
        {
          "index_key": 2,
          "schema_version": 0,
          "attributes": {
            "alarms": [],
            "capacity_provider_strategy": [],
            "cluster": "arn:aws:ecs:ap-southeast-1:740429191204:cluster/geth-cipherem-zkrollup",
            "deployment_circuit_breaker": [
              {
                "enable": false,
                "rollback": false
              }
            ],
            "deployment_controller": [
              {
                "type": "ECS"
              }
            ],
            "deployment_maximum_percent": 200,
            "deployment_minimum_healthy_percent": 100,
            "desired_count": 1,
            "enable_ecs_managed_tags": false,
            "enable_execute_command": false,
            "force_new_deployment": null,
            "health_check_grace_period_seconds": 0,
            "iam_role": "/aws-service-role/ecs.amazonaws.com/AWSServiceRoleForECS",
            "id": "arn:aws:ecs:ap-southeast-1:740429191204:service/geth-cipherem-zkrollup/node-03-cipherem-zkrollup",
            "launch_type": "FARGATE",
            "load_balancer": [
              {
                "container_name": "go-ethereum",
                "container_port": 22000,
                "elb_name": "",
                "target_group_arn": "arn:aws:elasticloadbalancing:ap-southeast-1:740429191204:targetgroup/geth-cipherem-zkrollup/e700dfb4a8e8edee"
              }
            ],
            "name": "node-03-cipherem-zkrollup",
            "network_configuration": [
              {
                "assign_public_ip": false,
                "security_groups": [
                  "sg-04d7e64f69933d98a"
                ],
                "subnets": [
                  "subnet-0118823ee8ba1c3e2",
                  "subnet-044b115ee3f389342",
                  "subnet-0b755989bc27196f1"
                ]
              }
            ],
            "ordered_placement_strategy": [],
            "placement_constraints": [],
            "platform_version": "LATEST",
            "propagate_tags": "NONE",
            "scheduling_strategy": "REPLICA",
            "service_connect_configuration": [],
            "service_registries": [],
            "tags": {},
            "tags_all": {},
            "task_definition": "arn:aws:ecs:ap-southeast-1:740429191204:task-definition/go-ethereum-cipherem-zkrollup:4",
            "timeouts": null,
            "triggers": {},
            "wait_for_steady_state": false
          },
          "sensitive_attributes": [],
          "private": "eyJlMmJmYjczMC1lY2FhLTExZTYtOGY4OC0zNDM2M2JjN2M0YzAiOnsiY3JlYXRlIjoxMjAwMDAwMDAwMDAwLCJkZWxldGUiOjEyMDAwMDAwMDAwMDAsInVwZGF0ZSI6MTIwMDAwMDAwMDAwMH19",
          "dependencies": [
            "module.cipherem.aws_cloudwatch_log_group.go_ethereum",
            "module.cipherem.aws_ecs_cluster.ethereum",
            "module.cipherem.aws_ecs_task_definition.go_ethereum",
            "module.cipherem.aws_iam_role.ecs_task",
            "module.cipherem.aws_lb_target_group.nlb_tg_go_ethereum",
            "module.cipherem.aws_security_group.go_ethereum",
            "module.cipherem.random_id.bucket_postfix",
            "module.cipherem.random_integer.network_id"
          ]
        },
        {
          "index_key": 3,
          "schema_version": 0,
          "attributes": {
            "alarms": [],
            "capacity_provider_strategy": [],
            "cluster": "arn:aws:ecs:ap-southeast-1:740429191204:cluster/geth-cipherem-zkrollup",
            "deployment_circuit_breaker": [
              {
                "enable": false,
                "rollback": false
              }
            ],
            "deployment_controller": [
              {
                "type": "ECS"
              }
            ],
            "deployment_maximum_percent": 200,
            "deployment_minimum_healthy_percent": 100,
            "desired_count": 1,
            "enable_ecs_managed_tags": false,
            "enable_execute_command": false,
            "force_new_deployment": null,
            "health_check_grace_period_seconds": 0,
            "iam_role": "/aws-service-role/ecs.amazonaws.com/AWSServiceRoleForECS",
            "id": "arn:aws:ecs:ap-southeast-1:740429191204:service/geth-cipherem-zkrollup/node-04-cipherem-zkrollup",
            "launch_type": "FARGATE",
            "load_balancer": [
              {
                "container_name": "go-ethereum",
                "container_port": 22000,
                "elb_name": "",
                "target_group_arn": "arn:aws:elasticloadbalancing:ap-southeast-1:740429191204:targetgroup/geth-cipherem-zkrollup/e700dfb4a8e8edee"
              }
            ],
            "name": "node-04-cipherem-zkrollup",
            "network_configuration": [
              {
                "assign_public_ip": false,
                "security_groups": [
                  "sg-04d7e64f69933d98a"
                ],
                "subnets": [
                  "subnet-0118823ee8ba1c3e2",
                  "subnet-044b115ee3f389342",
                  "subnet-0b755989bc27196f1"
                ]
              }
            ],
            "ordered_placement_strategy": [],
            "placement_constraints": [],
            "platform_version": "LATEST",
            "propagate_tags": "NONE",
            "scheduling_strategy": "REPLICA",
            "service_connect_configuration": [],
            "service_registries": [],
            "tags": {},
            "tags_all": {},
            "task_definition": "arn:aws:ecs:ap-southeast-1:740429191204:task-definition/go-ethereum-cipherem-zkrollup:4",
            "timeouts": null,
            "triggers": {},
            "wait_for_steady_state": false
          },
          "sensitive_attributes": [],
          "private": "eyJlMmJmYjczMC1lY2FhLTExZTYtOGY4OC0zNDM2M2JjN2M0YzAiOnsiY3JlYXRlIjoxMjAwMDAwMDAwMDAwLCJkZWxldGUiOjEyMDAwMDAwMDAwMDAsInVwZGF0ZSI6MTIwMDAwMDAwMDAwMH19",
          "dependencies": [
            "module.cipherem.aws_cloudwatch_log_group.go_ethereum",
            "module.cipherem.aws_ecs_cluster.ethereum",
            "module.cipherem.aws_ecs_task_definition.go_ethereum",
            "module.cipherem.aws_iam_role.ecs_task",
            "module.cipherem.aws_lb_target_group.nlb_tg_go_ethereum",
            "module.cipherem.aws_security_group.go_ethereum",
            "module.cipherem.random_id.bucket_postfix",
            "module.cipherem.random_integer.network_id"
          ]
        },
        {
          "index_key": 4,
          "schema_version": 0,
          "attributes": {
            "alarms": [],
            "capacity_provider_strategy": [],
            "cluster": "arn:aws:ecs:ap-southeast-1:740429191204:cluster/geth-cipherem-zkrollup",
            "deployment_circuit_breaker": [
              {
                "enable": false,
                "rollback": false
              }
            ],
            "deployment_controller": [
              {
                "type": "ECS"
              }
            ],
            "deployment_maximum_percent": 200,
            "deployment_minimum_healthy_percent": 100,
            "desired_count": 1,
            "enable_ecs_managed_tags": false,
            "enable_execute_command": false,
            "force_new_deployment": null,
            "health_check_grace_period_seconds": 0,
            "iam_role": "/aws-service-role/ecs.amazonaws.com/AWSServiceRoleForECS",
            "id": "arn:aws:ecs:ap-southeast-1:740429191204:service/geth-cipherem-zkrollup/node-05-cipherem-zkrollup",
            "launch_type": "FARGATE",
            "load_balancer": [
              {
                "container_name": "go-ethereum",
                "container_port": 22000,
                "elb_name": "",
                "target_group_arn": "arn:aws:elasticloadbalancing:ap-southeast-1:740429191204:targetgroup/geth-cipherem-zkrollup/e700dfb4a8e8edee"
              }
            ],
            "name": "node-05-cipherem-zkrollup",
            "network_configuration": [
              {
                "assign_public_ip": false,
                "security_groups": [
                  "sg-04d7e64f69933d98a"
                ],
                "subnets": [
                  "subnet-0118823ee8ba1c3e2",
                  "subnet-044b115ee3f389342",
                  "subnet-0b755989bc27196f1"
                ]
              }
            ],
            "ordered_placement_strategy": [],
            "placement_constraints": [],
            "platform_version": "LATEST",
            "propagate_tags": "NONE",
            "scheduling_strategy": "REPLICA",
            "service_connect_configuration": [],
            "service_registries": [],
            "tags": {},
            "tags_all": {},
            "task_definition": "arn:aws:ecs:ap-southeast-1:740429191204:task-definition/go-ethereum-cipherem-zkrollup:4",
            "timeouts": null,
            "triggers": {},
            "wait_for_steady_state": false
          },
          "sensitive_attributes": [],
          "private": "eyJlMmJmYjczMC1lY2FhLTExZTYtOGY4OC0zNDM2M2JjN2M0YzAiOnsiY3JlYXRlIjoxMjAwMDAwMDAwMDAwLCJkZWxldGUiOjEyMDAwMDAwMDAwMDAsInVwZGF0ZSI6MTIwMDAwMDAwMDAwMH19",
          "dependencies": [
            "module.cipherem.aws_cloudwatch_log_group.go_ethereum",
            "module.cipherem.aws_ecs_cluster.ethereum",
            "module.cipherem.aws_ecs_task_definition.go_ethereum",
            "module.cipherem.aws_iam_role.ecs_task",
            "module.cipherem.aws_lb_target_group.nlb_tg_go_ethereum",
            "module.cipherem.aws_security_group.go_ethereum",
            "module.cipherem.random_id.bucket_postfix",
            "module.cipherem.random_integer.network_id"
          ]
        },
        {
          "index_key": 5,
          "schema_version": 0,
          "attributes": {
            "alarms": [],
            "capacity_provider_strategy": [],
            "cluster": "arn:aws:ecs:ap-southeast-1:740429191204:cluster/geth-cipherem-zkrollup",
            "deployment_circuit_breaker": [
              {
                "enable": false,
                "rollback": false
              }
            ],
            "deployment_controller": [
              {
                "type": "ECS"
              }
            ],
            "deployment_maximum_percent": 200,
            "deployment_minimum_healthy_percent": 100,
            "desired_count": 1,
            "enable_ecs_managed_tags": false,
            "enable_execute_command": false,
            "force_new_deployment": null,
            "health_check_grace_period_seconds": 0,
            "iam_role": "/aws-service-role/ecs.amazonaws.com/AWSServiceRoleForECS",
            "id": "arn:aws:ecs:ap-southeast-1:740429191204:service/geth-cipherem-zkrollup/node-06-cipherem-zkrollup",
            "launch_type": "FARGATE",
            "load_balancer": [
              {
                "container_name": "go-ethereum",
                "container_port": 22000,
                "elb_name": "",
                "target_group_arn": "arn:aws:elasticloadbalancing:ap-southeast-1:740429191204:targetgroup/geth-cipherem-zkrollup/e700dfb4a8e8edee"
              }
            ],
            "name": "node-06-cipherem-zkrollup",
            "network_configuration": [
              {
                "assign_public_ip": false,
                "security_groups": [
                  "sg-04d7e64f69933d98a"
                ],
                "subnets": [
                  "subnet-0118823ee8ba1c3e2",
                  "subnet-044b115ee3f389342",
                  "subnet-0b755989bc27196f1"
                ]
              }
            ],
            "ordered_placement_strategy": [],
            "placement_constraints": [],
            "platform_version": "LATEST",
            "propagate_tags": "NONE",
            "scheduling_strategy": "REPLICA",
            "service_connect_configuration": [],
            "service_registries": [],
            "tags": {},
            "tags_all": {},
            "task_definition": "arn:aws:ecs:ap-southeast-1:740429191204:task-definition/go-ethereum-cipherem-zkrollup:4",
            "timeouts": null,
            "triggers": {},
            "wait_for_steady_state": false
          },
          "sensitive_attributes": [],
          "private": "eyJlMmJmYjczMC1lY2FhLTExZTYtOGY4OC0zNDM2M2JjN2M0YzAiOnsiY3JlYXRlIjoxMjAwMDAwMDAwMDAwLCJkZWxldGUiOjEyMDAwMDAwMDAwMDAsInVwZGF0ZSI6MTIwMDAwMDAwMDAwMH19",
          "dependencies": [
            "module.cipherem.aws_cloudwatch_log_group.go_ethereum",
            "module.cipherem.aws_ecs_cluster.ethereum",
            "module.cipherem.aws_ecs_task_definition.go_ethereum",
            "module.cipherem.aws_iam_role.ecs_task",
            "module.cipherem.aws_lb_target_group.nlb_tg_go_ethereum",
            "module.cipherem.aws_security_group.go_ethereum",
            "module.cipherem.random_id.bucket_postfix",
            "module.cipherem.random_integer.network_id"
          ]
        }
      ]
    },
    {
      "module": "module.cipherem",
      "mode": "managed",
      "type": "aws_ecs_task_definition",
      "name": "go_ethereum",
      "provider": "module.cipherem.provider[\"registry.terraform.io/hashicorp/aws\"]",
      "instances": [
        {
          "schema_version": 1,
          "attributes": {
            "arn": "arn:aws:ecs:ap-southeast-1:740429191204:task-definition/go-ethereum-cipherem-zkrollup:4",
            "arn_without_revision": "arn:aws:ecs:ap-southeast-1:740429191204:task-definition/go-ethereum-cipherem-zkrollup",
            "container_definitions": "[{\"cpu\":0,\"dockerLabels\":{\"EthereumNetworkName\":\"cipherem-zkrollup\"},\"entryPoint\":[\"/bin/sh\",\"-c\",\"mkdir -p /shared-volume/data/geth\\necho \\\"\\\" \u003e /shared-volume/passwords.txt\\nbootnode -genkey /shared-volume/data/geth/nodekey\\nexport NODE_ID=$(bootnode -nodekey /shared-volume/data/geth/nodekey -writeaddress)\\ngeth version\\necho Creating an account for this node\\ngeth --datadir /shared-volume/data account new --password /shared-volume/passwords.txt\\nexport KEYSTORE_FILE=$(ls /shared-volume/data/keystore/ | head -n1)\\nexport ACCOUNT_ADDRESS=$(cat /shared-volume/data/keystore/$KEYSTORE_FILE | sed 's/^.*\\\"address\\\":\\\"\\\\([^\\\"]*\\\\)\\\".*$/\\\\1/g')\\necho Writing account address $ACCOUNT_ADDRESS to /shared-volume/first_account_address\\necho $ACCOUNT_ADDRESS \u003e /shared-volume/first_account_address\\necho Writing Node Id [$NODE_ID] to /shared-volume/node_id\\necho $NODE_ID \u003e /shared-volume/node_id\"],\"environment\":[],\"essential\":false,\"healthCheck\":{\"command\":[\"CMD-SHELL\",\"[ -f /shared-volume/node_id ];\"],\"interval\":30,\"retries\":10,\"startPeriod\":300,\"timeout\":60},\"image\":\"agnxsh/cip-zkrollup-image:latest\",\"logConfiguration\":{\"logDriver\":\"awslogs\",\"options\":{\"awslogs-group\":\"/ecs/go-ethereum/cipherem-zkrollup\",\"awslogs-region\":\"ap-southeast-1\",\"awslogs-stream-prefix\":\"logs\"}},\"mountPoints\":[{\"containerPath\":\"/shared-volume\",\"sourceVolume\":\"ethereum_shared_volume\"}],\"name\":\"bootstrap\",\"portMappings\":[],\"volumesFrom\":[]},{\"cpu\":0,\"dockerLabels\":{\"EthereumNetworkName\":\"cipherem-zkrollup\"},\"entryPoint\":[\"/bin/sh\",\"-c\",\"set -e\\necho Wait until Node Key is ready ...\\nwhile [ ! -f \\\"/shared-volume/node_id\\\" ]; do sleep 1; done\\nyum install jq -y\\nexport TASK_REVISION=$(curl -s 169.254.170.2/v2/metadata | jq '.Revision' -r)\\necho \\\"Task Revision: $TASK_REVISION\\\"\\necho $TASK_REVISION \u003e /shared-volume/task_revision\\nexport HOST_IP=$(curl -s 169.254.170.2/v2/metadata | jq '.Containers[] | select(.Name == \\\"metadata\\\") | .Networks[] | select(.NetworkMode == \\\"awsvpc\\\") | .IPv4Addresses[0]' -r )\\necho \\\"Host IP: $HOST_IP\\\"\\necho $HOST_IP \u003e /shared-volume/host_ip\\nexport TASK_ARN=$(curl -s 169.254.170.2/v2/metadata | jq -r '.TaskARN')\\naws ecs describe-tasks --cluster geth-cipherem-zkrollup --tasks $TASK_ARN | jq -r '.tasks[0] | .group' \u003e /shared-volume/service\\nmkdir -p /shared-volume/hosts\\nmkdir -p /shared-volume/nodeids\\nmkdir -p /shared-volume/accounts\\naws s3 cp /shared-volume/node_id s3://ap-southeast-1-ecs-cipherem-zkrollup-34eebcde0f0b56d4/rev_$TASK_REVISION/nodeids/ip_$(echo $HOST_IP | sed -e 's/\\\\./_/g')\\naws s3 cp /shared-volume/host_ip s3://ap-southeast-1-ecs-cipherem-zkrollup-34eebcde0f0b56d4/rev_$TASK_REVISION/hosts/ip_$(echo $HOST_IP | sed -e 's/\\\\./_/g')\\naws s3 cp /shared-volume/first_account_address s3://ap-southeast-1-ecs-cipherem-zkrollup-34eebcde0f0b56d4/rev_$TASK_REVISION/accounts/ip_$(echo $HOST_IP | sed -e 's/\\\\./_/g')\\ncount=0; while [ $count -lt 6 ]; do count=$(ls /shared-volume/hosts | grep ^ip | wc -l); aws s3 cp --recursive s3://ap-southeast-1-ecs-cipherem-zkrollup-34eebcde0f0b56d4/rev_$TASK_REVISION/hosts /shared-volume/hosts \u003e /dev/null 2\u003e\u00261 | echo \\\"Wait for other containers to report their IPs ... $count/6\\\"; sleep 1; done\\necho \\\"All containers have reported their IPs\\\"\\ncount=0; while [ $count -lt 6 ]; do count=$(ls /shared-volume/accounts | grep ^ip | wc -l); aws s3 cp --recursive s3://ap-southeast-1-ecs-cipherem-zkrollup-34eebcde0f0b56d4/rev_$TASK_REVISION/accounts /shared-volume/accounts \u003e /dev/null 2\u003e\u00261 | echo \\\"Wait for other nodes to report their accounts ... $count/6\\\"; sleep 1; done\\necho \\\"All nodes have registered accounts\\\"\\ncount=0; while [ $count -lt 6 ]; do count=$(ls /shared-volume/nodeids | grep ^ip | wc -l); aws s3 cp --recursive s3://ap-southeast-1-ecs-cipherem-zkrollup-34eebcde0f0b56d4/rev_$TASK_REVISION/nodeids /shared-volume/nodeids \u003e /dev/null 2\u003e\u00261 | echo \\\"Wait for other nodes to report their IDs ... $count/6\\\"; sleep 1; done\\necho \\\"All nodes have registered their IDs\\\"\\nalloc=\\\"\\\"; for f in `ls /shared-volume/accounts`; do address=$(cat /shared-volume/accounts/$f); alloc=\\\"$alloc,\\\\\\\"$address\\\\\\\": { \\\"balance\\\": \\\"\\\\\\\"1000000000000000000000000000\\\\\\\"\\\"}\\\"; done\\nif [ 2 -gt 0 ]; then alloc=\\\"$alloc,\\\\\\\"\\\"0xb3A2A4E8B6063A91AD0437D27CD2ca7a47ca1502\\\"\\\\\\\" : { \\\\\\\"balance\\\\\\\": \\\\\\\"\\\"10\\\"000000000000000000\\\\\\\"},\\\\\\\"\\\"0xcB7D815ded702FE3256E9B669745130CdE8f18a9\\\"\\\\\\\" : { \\\\\\\"balance\\\\\\\": \\\\\\\"\\\"5\\\"000000000000000000\\\\\\\"}\\\"; fi\\nalloc=\\\"{${alloc:1}}\\\"\\nextraData=\\\"\\\\\\\"0x0000000000000000000000000000000000000000000000000000000000000000\\\\\\\"\\\"\\nall=\\\"0x0000000000000000000000000000000000000000000000000000000000000000\\\"; for f in `ls /shared-volume/accounts`; do address=$(cat /shared-volume/accounts/$f); all=\\\"$all$(echo $address)\\\"; done;all=\\\"$all$(echo 0000000000000000000000000000000000000000000000000000000000000000000000000000000000000000000000000000000000000000000000000000000000)\\\";\\necho clique signer Addresses: $all\\nextraData=\\\"\\\\\\\"$(echo $all)\\\\\\\"\\\"\\necho '{\\\"alloc\\\":{},\\\"coinbase\\\":\\\"0x0000000000000000000000000000000000000000\\\",\\\"config\\\":{\\\"byzantiumBlock\\\":0,\\\"chainId\\\":7109,\\\"clique\\\":{\\\"epoch\\\":30000,\\\"period\\\":5},\\\"constantinopleBlock\\\":0,\\\"eip150Block\\\":0,\\\"eip155Block\\\":0,\\\"eip158Block\\\":0,\\\"homesteadBlock\\\":0,\\\"petersburgBlock\\\":0},\\\"difficulty\\\":\\\"0x01\\\",\\\"extraData\\\":\\\"0x0000000000000000000000000000000000000000000000000000000000000000\\\",\\\"gasLimit\\\":\\\"0xE0000000\\\",\\\"mixHash\\\":\\\"0x0000000000000000000000000000000000000000000000000000000000000000\\\",\\\"nonce\\\":\\\"0x0\\\",\\\"parentHash\\\":\\\"0x0000000000000000000000000000000000000000000000000000000000000000\\\",\\\"timestamp\\\":\\\"0x00\\\"}' | jq \\\". + { alloc : $alloc, extraData: $extraData } | .config=.config + {clique: {epoch: 30000, period: 1} }\\\" \u003e /shared-volume/genesis.json\\ncat /shared-volume/genesis.json\\necho \\\"Done!\\\" \u003e /shared-volume/metadata_container_status\"],\"environment\":[],\"essential\":false,\"healthCheck\":{\"command\":[\"CMD-SHELL\",\"[ -f /shared-volume/metadata_container_status ];\"],\"interval\":30,\"retries\":10,\"startPeriod\":300,\"timeout\":60},\"image\":\"amazon/aws-cli\",\"logConfiguration\":{\"logDriver\":\"awslogs\",\"options\":{\"awslogs-group\":\"/ecs/go-ethereum/cipherem-zkrollup\",\"awslogs-region\":\"ap-southeast-1\",\"awslogs-stream-prefix\":\"logs\"}},\"mountPoints\":[{\"containerPath\":\"/shared-volume\",\"sourceVolume\":\"ethereum_shared_volume\"}],\"name\":\"metadata\",\"portMappings\":[],\"volumesFrom\":[{\"sourceContainer\":\"bootstrap\"}]},{\"cpu\":0,\"dockerLabels\":{\"EthereumNetworkName\":\"cipherem-zkrollup\"},\"entryPoint\":[\"/bin/sh\",\"-c\",\"set -e\\necho Wait until metadata bootstrap completed ...\\nwhile [ ! -f \\\"/shared-volume/metadata_container_status\\\" ]; do sleep 1; done\\nmkdir -p /shared-volume/data/geth\\necho \\\"\\\" \u003e /shared-volume/passwords.txt\\necho \\\"Creating /shared-volume/data/static-nodes.json and /shared-volume/data/permissioned-nodes.json\\\"\\nall=\\\"\\\"; for f in `ls /shared-volume/nodeids`; do nodeid=$(cat /shared-volume/nodeids/$f); ip=$(cat /shared-volume/hosts/$f); all=\\\"$all,\\\\\\\"enode://$nodeid@$ip:21000?discport=0\\\\\\\"\\\"; done; all=${all:1}\\necho \\\"[$all]\\\" \u003e /shared-volume/data/static-nodes.json\\necho \\\"[$all]\\\" \u003e /shared-volume/data/permissioned-nodes.json\\necho Permissioned Nodes: $(cat /shared-volume/data/permissioned-nodes.json)\\ngeth --datadir /shared-volume/data init /shared-volume/genesis.json\\nexport IDENTITY=$(cat /shared-volume/service | awk -F: '{print $2}')\\n\\necho 'Running geth with: --datadir /shared-volume/data --http --http.addr 0.0.0.0 --http.api admin,eth,debug,miner,net,shh,txpool,personal,web3,clique --http.port 22000 --http.vhosts=* --http.corsdomain=* --port 21000 --unlock 0 --password /shared-volume/passwords.txt --nodiscover --networkid 7109 --verbosity 5 --nousb --identity $IDENTITY --allow-insecure-unlock --syncmode full --mine --miner.threads 1'\\ngeth --datadir /shared-volume/data --http --http.addr 0.0.0.0 --http.api admin,eth,debug,miner,net,shh,txpool,personal,web3,clique --http.port 22000 --http.vhosts=* --http.corsdomain=* --port 21000 --unlock 0 --password /shared-volume/passwords.txt --nodiscover --networkid 7109 --verbosity 5 --nousb --identity $IDENTITY --allow-insecure-unlock --syncmode full --mine --miner.threads 1\"],\"environment\":[],\"essential\":true,\"healthCheck\":{\"command\":[\"CMD-SHELL\",\"[ -S /shared-volume/data/geth.ipc ];\"],\"interval\":30,\"retries\":10,\"startPeriod\":300,\"timeout\":60},\"image\":\"agnxsh/cip-zkrollup-image:latest\",\"logConfiguration\":{\"logDriver\":\"awslogs\",\"options\":{\"awslogs-group\":\"/ecs/go-ethereum/cipherem-zkrollup\",\"awslogs-region\":\"ap-southeast-1\",\"awslogs-stream-prefix\":\"logs\"}},\"mountPoints\":[{\"containerPath\":\"/shared-volume\",\"sourceVolume\":\"ethereum_shared_volume\"}],\"name\":\"go-ethereum\",\"portMappings\":[{\"containerPort\":22000,\"hostPort\":22000,\"protocol\":\"tcp\"}],\"volumesFrom\":[]}]",
            "cpu": "4096",
            "ephemeral_storage": [],
            "execution_role_arn": "arn:aws:iam::740429191204:role/ecs/ethereum-ecs-task-cipherem-zkrollup",
            "family": "go-ethereum-cipherem-zkrollup",
            "id": "go-ethereum-cipherem-zkrollup",
            "inference_accelerator": [],
            "ipc_mode": "",
            "memory": "8192",
            "network_mode": "awsvpc",
            "pid_mode": "",
            "placement_constraints": [],
            "proxy_configuration": [],
            "requires_compatibilities": [
              "FARGATE"
            ],
            "revision": 4,
            "runtime_platform": [],
            "skip_destroy": false,
            "tags": null,
            "tags_all": {},
            "task_role_arn": "arn:aws:iam::740429191204:role/ecs/ethereum-ecs-task-cipherem-zkrollup",
            "volume": [
              {
                "docker_volume_configuration": [],
                "efs_volume_configuration": [],
                "fsx_windows_file_server_volume_configuration": [],
                "host_path": "",
                "name": "ethereum_shared_volume"
              }
            ]
          },
          "sensitive_attributes": [],
          "private": "eyJzY2hlbWFfdmVyc2lvbiI6IjEifQ==",
          "dependencies": [
            "module.cipherem.aws_cloudwatch_log_group.go_ethereum",
            "module.cipherem.aws_iam_role.ecs_task",
            "module.cipherem.random_id.bucket_postfix",
            "module.cipherem.random_integer.network_id"
          ]
        }
      ]
    },
    {
      "module": "module.cipherem",
      "mode": "managed",
      "type": "aws_iam_policy",
      "name": "ecs_task",
      "provider": "module.cipherem.provider[\"registry.terraform.io/hashicorp/aws\"]",
      "instances": [
        {
          "schema_version": 0,
          "attributes": {
            "arn": "arn:aws:iam::740429191204:policy/ethereum-ecs-task-policy-cipherem-zkrollup",
            "description": "This policy allows task to access S3 bucket",
            "id": "arn:aws:iam::740429191204:policy/ethereum-ecs-task-policy-cipherem-zkrollup",
            "name": "ethereum-ecs-task-policy-cipherem-zkrollup",
            "name_prefix": "",
            "path": "/",
            "policy": "{\"Statement\":[{\"Action\":\"s3:*\",\"Effect\":\"Allow\",\"Resource\":[\"arn:aws:s3:::ap-southeast-1-ecs-cipherem-zkrollup-34eebcde0f0b56d4/*\",\"arn:aws:s3:::ap-southeast-1-ecs-cipherem-zkrollup-34eebcde0f0b56d4\"],\"Sid\":\"AllowS3Access\"},{\"Action\":\"ecs:DescribeTasks\",\"Effect\":\"Allow\",\"Resource\":\"*\",\"Sid\":\"AllowECS\"}],\"Version\":\"2012-10-17\"}",
            "policy_id": "ANPA2YZIE3ASLGPCRIQII",
            "tags": {},
            "tags_all": {}
          },
          "sensitive_attributes": [],
          "private": "bnVsbA==",
          "dependencies": [
            "module.cipherem.data.aws_iam_policy_document.ecs_task",
            "module.cipherem.random_id.bucket_postfix"
          ]
        }
      ]
    },
    {
      "module": "module.cipherem",
      "mode": "managed",
      "type": "aws_iam_role",
      "name": "ecs_task",
      "provider": "module.cipherem.provider[\"registry.terraform.io/hashicorp/aws\"]",
      "instances": [
        {
          "schema_version": 0,
          "attributes": {
            "arn": "arn:aws:iam::740429191204:role/ecs/ethereum-ecs-task-cipherem-zkrollup",
            "assume_role_policy": "{\"Statement\":[{\"Action\":\"sts:AssumeRole\",\"Effect\":\"Allow\",\"Principal\":{\"Service\":[\"ecs.amazonaws.com\",\"ecs-tasks.amazonaws.com\"]}}],\"Version\":\"2008-10-17\"}",
            "create_date": "2023-06-01T08:20:12Z",
            "description": "",
            "force_detach_policies": false,
            "id": "ethereum-ecs-task-cipherem-zkrollup",
            "inline_policy": [],
            "managed_policy_arns": [
              "arn:aws:iam::740429191204:policy/ethereum-ecs-task-policy-cipherem-zkrollup",
              "arn:aws:iam::aws:policy/CloudWatchLogsFullAccess",
              "arn:aws:iam::aws:policy/service-role/AmazonECSTaskExecutionRolePolicy"
            ],
            "max_session_duration": 3600,
            "name": "ethereum-ecs-task-cipherem-zkrollup",
            "name_prefix": "",
            "path": "/ecs/",
            "permissions_boundary": null,
            "role_last_used": [
              {
                "last_used_date": "",
                "region": ""
              }
            ],
            "tags": {
              "EthereumNetworkName": "cipherem-zkrollup"
            },
            "tags_all": {
              "EthereumNetworkName": "cipherem-zkrollup"
            },
            "unique_id": "AROA2YZIE3ASMA77RYVLM"
          },
          "sensitive_attributes": [],
          "private": "bnVsbA=="
        }
      ]
    },
    {
      "module": "module.cipherem",
      "mode": "managed",
      "type": "aws_iam_role_policy_attachment",
      "name": "ecs_task_cloudwatch",
      "provider": "module.cipherem.provider[\"registry.terraform.io/hashicorp/aws\"]",
      "instances": [
        {
          "schema_version": 0,
          "attributes": {
            "id": "ethereum-ecs-task-cipherem-zkrollup-20230601082013621300000002",
            "policy_arn": "arn:aws:iam::aws:policy/CloudWatchLogsFullAccess",
            "role": "ethereum-ecs-task-cipherem-zkrollup"
          },
          "sensitive_attributes": [],
          "private": "bnVsbA==",
          "dependencies": [
            "module.cipherem.aws_iam_role.ecs_task"
          ]
        }
      ]
    },
    {
      "module": "module.cipherem",
      "mode": "managed",
      "type": "aws_iam_role_policy_attachment",
      "name": "ecs_task_execution",
      "provider": "module.cipherem.provider[\"registry.terraform.io/hashicorp/aws\"]",
      "instances": [
        {
          "schema_version": 0,
          "attributes": {
            "id": "ethereum-ecs-task-cipherem-zkrollup-20230601082013615500000001",
            "policy_arn": "arn:aws:iam::aws:policy/service-role/AmazonECSTaskExecutionRolePolicy",
            "role": "ethereum-ecs-task-cipherem-zkrollup"
          },
          "sensitive_attributes": [],
          "private": "bnVsbA==",
          "dependencies": [
            "module.cipherem.aws_iam_role.ecs_task"
          ]
        }
      ]
    },
    {
      "module": "module.cipherem",
      "mode": "managed",
      "type": "aws_iam_role_policy_attachment",
      "name": "ecs_task_s3",
      "provider": "module.cipherem.provider[\"registry.terraform.io/hashicorp/aws\"]",
      "instances": [
        {
          "schema_version": 0,
          "attributes": {
            "id": "ethereum-ecs-task-cipherem-zkrollup-20230601082013889100000003",
            "policy_arn": "arn:aws:iam::740429191204:policy/ethereum-ecs-task-policy-cipherem-zkrollup",
            "role": "ethereum-ecs-task-cipherem-zkrollup"
          },
          "sensitive_attributes": [],
          "private": "bnVsbA==",
          "dependencies": [
            "module.cipherem.aws_iam_policy.ecs_task",
            "module.cipherem.aws_iam_role.ecs_task",
            "module.cipherem.data.aws_iam_policy_document.ecs_task",
            "module.cipherem.random_id.bucket_postfix"
          ]
        }
      ]
    },
    {
      "module": "module.cipherem",
      "mode": "managed",
      "type": "aws_lb",
      "name": "nlb_ethereum",
      "provider": "module.cipherem.provider[\"registry.terraform.io/hashicorp/aws\"]",
      "instances": [
        {
          "schema_version": 0,
          "attributes": {
            "access_logs": [
              {
                "bucket": "",
                "enabled": false,
                "prefix": ""
              }
            ],
            "arn": "arn:aws:elasticloadbalancing:ap-southeast-1:740429191204:loadbalancer/net/nlb-geth-cipherem-zkrollup/6901ff8e5560c80e",
            "arn_suffix": "net/nlb-geth-cipherem-zkrollup/6901ff8e5560c80e",
            "customer_owned_ipv4_pool": "",
            "desync_mitigation_mode": null,
            "dns_name": "nlb-geth-cipherem-zkrollup-6901ff8e5560c80e.elb.ap-southeast-1.amazonaws.com",
            "drop_invalid_header_fields": null,
            "enable_cross_zone_load_balancing": true,
            "enable_deletion_protection": false,
            "enable_http2": null,
            "enable_tls_version_and_cipher_suite_headers": null,
            "enable_waf_fail_open": null,
            "enable_xff_client_port": null,
            "id": "arn:aws:elasticloadbalancing:ap-southeast-1:740429191204:loadbalancer/net/nlb-geth-cipherem-zkrollup/6901ff8e5560c80e",
            "idle_timeout": null,
            "internal": true,
            "ip_address_type": "ipv4",
            "load_balancer_type": "network",
            "name": "nlb-geth-cipherem-zkrollup",
            "name_prefix": null,
            "preserve_host_header": null,
            "security_groups": [],
            "subnet_mapping": [
              {
                "allocation_id": "",
                "ipv6_address": "",
                "outpost_id": "",
                "private_ipv4_address": "",
                "subnet_id": "subnet-0118823ee8ba1c3e2"
              },
              {
                "allocation_id": "",
                "ipv6_address": "",
                "outpost_id": "",
                "private_ipv4_address": "",
                "subnet_id": "subnet-044b115ee3f389342"
              },
              {
                "allocation_id": "",
                "ipv6_address": "",
                "outpost_id": "",
                "private_ipv4_address": "",
                "subnet_id": "subnet-0b755989bc27196f1"
              }
            ],
            "subnets": [
              "subnet-0118823ee8ba1c3e2",
              "subnet-044b115ee3f389342",
              "subnet-0b755989bc27196f1"
            ],
            "tags": {},
            "tags_all": {},
            "timeouts": null,
            "vpc_id": "vpc-062bb1913e6cfe4e8",
            "xff_header_processing_mode": null,
            "zone_id": "ZKVM4W9LS7TM"
          },
          "sensitive_attributes": [],
          "private": "eyJlMmJmYjczMC1lY2FhLTExZTYtOGY4OC0zNDM2M2JjN2M0YzAiOnsiY3JlYXRlIjo2MDAwMDAwMDAwMDAsImRlbGV0ZSI6NjAwMDAwMDAwMDAwLCJ1cGRhdGUiOjYwMDAwMDAwMDAwMH19"
        }
      ]
    },
    {
      "module": "module.cipherem",
      "mode": "managed",
      "type": "aws_lb_listener",
      "name": "nlb_listener_go_ethereum",
      "provider": "module.cipherem.provider[\"registry.terraform.io/hashicorp/aws\"]",
      "instances": [
        {
          "schema_version": 0,
          "attributes": {
            "alpn_policy": null,
            "arn": "arn:aws:elasticloadbalancing:ap-southeast-1:740429191204:listener/net/nlb-geth-cipherem-zkrollup/6901ff8e5560c80e/b1ecbef545553e24",
            "certificate_arn": null,
            "default_action": [
              {
                "authenticate_cognito": [],
                "authenticate_oidc": [],
                "fixed_response": [],
                "forward": [],
                "order": 1,
                "redirect": [],
                "target_group_arn": "arn:aws:elasticloadbalancing:ap-southeast-1:740429191204:targetgroup/geth-cipherem-zkrollup/e700dfb4a8e8edee",
                "type": "forward"
              }
            ],
            "id": "arn:aws:elasticloadbalancing:ap-southeast-1:740429191204:listener/net/nlb-geth-cipherem-zkrollup/6901ff8e5560c80e/b1ecbef545553e24",
            "load_balancer_arn": "arn:aws:elasticloadbalancing:ap-southeast-1:740429191204:loadbalancer/net/nlb-geth-cipherem-zkrollup/6901ff8e5560c80e",
            "port": 22000,
            "protocol": "TCP",
            "ssl_policy": "",
            "tags": {},
            "tags_all": {},
            "timeouts": null
          },
          "sensitive_attributes": [],
          "private": "eyJlMmJmYjczMC1lY2FhLTExZTYtOGY4OC0zNDM2M2JjN2M0YzAiOnsicmVhZCI6NjAwMDAwMDAwMDAwfX0=",
          "dependencies": [
            "module.cipherem.aws_lb.nlb_ethereum",
            "module.cipherem.aws_lb_target_group.nlb_tg_go_ethereum"
          ]
        }
      ]
    },
    {
      "module": "module.cipherem",
      "mode": "managed",
      "type": "aws_lb_target_group",
      "name": "nlb_tg_go_ethereum",
      "provider": "module.cipherem.provider[\"registry.terraform.io/hashicorp/aws\"]",
      "instances": [
        {
          "schema_version": 0,
          "attributes": {
            "arn": "arn:aws:elasticloadbalancing:ap-southeast-1:740429191204:targetgroup/geth-cipherem-zkrollup/e700dfb4a8e8edee",
            "arn_suffix": "targetgroup/geth-cipherem-zkrollup/e700dfb4a8e8edee",
            "connection_termination": false,
            "deregistration_delay": "300",
            "health_check": [
              {
                "enabled": true,
                "healthy_threshold": 5,
                "interval": 30,
                "matcher": "",
                "path": "",
                "port": "traffic-port",
                "protocol": "TCP",
                "timeout": 10,
                "unhealthy_threshold": 2
              }
            ],
            "id": "arn:aws:elasticloadbalancing:ap-southeast-1:740429191204:targetgroup/geth-cipherem-zkrollup/e700dfb4a8e8edee",
            "ip_address_type": "ipv4",
            "lambda_multi_value_headers_enabled": false,
            "load_balancing_algorithm_type": null,
            "load_balancing_cross_zone_enabled": "use_load_balancer_configuration",
            "name": "geth-cipherem-zkrollup",
            "name_prefix": null,
            "port": 22000,
            "preserve_client_ip": "false",
            "protocol": "TCP",
            "protocol_version": null,
            "proxy_protocol_v2": false,
            "slow_start": 0,
            "stickiness": [
              {
                "cookie_duration": 0,
                "cookie_name": "",
                "enabled": false,
                "type": "source_ip"
              }
            ],
            "tags": {},
            "tags_all": {},
            "target_failover": [
              {
                "on_deregistration": null,
                "on_unhealthy": null
              }
            ],
            "target_type": "ip",
            "vpc_id": "vpc-062bb1913e6cfe4e8"
          },
          "sensitive_attributes": [],
          "private": "bnVsbA=="
        }
      ]
    },
    {
      "module": "module.cipherem",
      "mode": "managed",
      "type": "aws_s3_bucket",
      "name": "ethereum",
      "provider": "module.cipherem.provider[\"registry.terraform.io/hashicorp/aws\"]",
      "instances": [
        {
          "schema_version": 0,
          "attributes": {
            "acceleration_status": "",
            "acl": null,
            "arn": "arn:aws:s3:::ap-southeast-1-ecs-cipherem-zkrollup-34eebcde0f0b56d4",
            "bucket": "ap-southeast-1-ecs-cipherem-zkrollup-34eebcde0f0b56d4",
            "bucket_domain_name": "ap-southeast-1-ecs-cipherem-zkrollup-34eebcde0f0b56d4.s3.amazonaws.com",
            "bucket_prefix": "",
            "bucket_regional_domain_name": "ap-southeast-1-ecs-cipherem-zkrollup-34eebcde0f0b56d4.s3.ap-southeast-1.amazonaws.com",
            "cors_rule": [],
            "force_destroy": true,
            "grant": [
              {
                "id": "46ca05b49caa9ce295c83dcb3156c8314e9a8634a145abc4d37aa5d888953764",
                "permissions": [
                  "FULL_CONTROL"
                ],
                "type": "CanonicalUser",
                "uri": ""
              }
            ],
            "hosted_zone_id": "Z3O0J2DXBE1FTB",
            "id": "ap-southeast-1-ecs-cipherem-zkrollup-34eebcde0f0b56d4",
            "lifecycle_rule": [],
            "logging": [],
            "object_lock_configuration": [],
            "object_lock_enabled": false,
            "policy": "{\"Statement\":[{\"Action\":\"s3:*\",\"Effect\":\"Allow\",\"Principal\":{\"AWS\":\"arn:aws:iam::740429191204:root\"},\"Resource\":[\"arn:aws:s3:::ap-southeast-1-ecs-cipherem-zkrollup-34eebcde0f0b56d4/*\",\"arn:aws:s3:::ap-southeast-1-ecs-cipherem-zkrollup-34eebcde0f0b56d4\"],\"Sid\":\"AllowAccess\"}],\"Version\":\"2012-10-17\"}",
            "region": "ap-southeast-1",
            "replication_configuration": [],
            "request_payer": "BucketOwner",
            "server_side_encryption_configuration": [
              {
                "rule": [
                  {
                    "apply_server_side_encryption_by_default": [
                      {
                        "kms_master_key_id": "",
                        "sse_algorithm": "AES256"
                      }
                    ],
                    "bucket_key_enabled": false
                  }
                ]
              }
            ],
            "tags": {},
            "tags_all": {},
            "timeouts": null,
            "versioning": [
              {
                "enabled": true,
                "mfa_delete": false
              }
            ],
            "website": [],
            "website_domain": null,
            "website_endpoint": null
          },
          "sensitive_attributes": [],
          "private": "eyJlMmJmYjczMC1lY2FhLTExZTYtOGY4OC0zNDM2M2JjN2M0YzAiOnsiY3JlYXRlIjoxMjAwMDAwMDAwMDAwLCJkZWxldGUiOjM2MDAwMDAwMDAwMDAsInJlYWQiOjEyMDAwMDAwMDAwMDAsInVwZGF0ZSI6MTIwMDAwMDAwMDAwMH19",
          "dependencies": [
            "module.cipherem.random_id.bucket_postfix"
          ]
        }
      ]
    },
    {
      "module": "module.cipherem",
      "mode": "managed",
      "type": "aws_s3_bucket_policy",
      "name": "allow_all_access_within_account",
      "provider": "module.cipherem.provider[\"registry.terraform.io/hashicorp/aws\"]",
      "instances": [
        {
          "schema_version": 0,
          "attributes": {
            "bucket": "ap-southeast-1-ecs-cipherem-zkrollup-34eebcde0f0b56d4",
            "id": "ap-southeast-1-ecs-cipherem-zkrollup-34eebcde0f0b56d4",
            "policy": "{\"Statement\":[{\"Action\":\"s3:*\",\"Effect\":\"Allow\",\"Principal\":{\"AWS\":\"arn:aws:iam::740429191204:root\"},\"Resource\":[\"arn:aws:s3:::ap-southeast-1-ecs-cipherem-zkrollup-34eebcde0f0b56d4/*\",\"arn:aws:s3:::ap-southeast-1-ecs-cipherem-zkrollup-34eebcde0f0b56d4\"],\"Sid\":\"AllowAccess\"}],\"Version\":\"2012-10-17\"}"
          },
          "sensitive_attributes": [],
          "private": "bnVsbA==",
          "dependencies": [
            "module.cipherem.aws_s3_bucket.ethereum",
            "module.cipherem.data.aws_caller_identity.this",
            "module.cipherem.data.aws_iam_policy_document.allow_all_access_within_account",
            "module.cipherem.random_id.bucket_postfix"
          ]
        }
      ]
    },
    {
      "module": "module.cipherem",
      "mode": "managed",
      "type": "aws_s3_bucket_versioning",
      "name": "versioning_ethereum",
      "provider": "module.cipherem.provider[\"registry.terraform.io/hashicorp/aws\"]",
      "instances": [
        {
          "schema_version": 0,
          "attributes": {
            "bucket": "ap-southeast-1-ecs-cipherem-zkrollup-34eebcde0f0b56d4",
            "expected_bucket_owner": "",
            "id": "ap-southeast-1-ecs-cipherem-zkrollup-34eebcde0f0b56d4",
            "mfa": null,
            "versioning_configuration": [
              {
                "mfa_delete": "",
                "status": "Enabled"
              }
            ]
          },
          "sensitive_attributes": [],
          "private": "bnVsbA==",
          "dependencies": [
            "module.cipherem.aws_s3_bucket.ethereum",
            "module.cipherem.random_id.bucket_postfix"
          ]
        }
      ]
    },
    {
      "module": "module.cipherem",
      "mode": "managed",
      "type": "aws_security_group",
      "name": "go_ethereum",
      "provider": "module.cipherem.provider[\"registry.terraform.io/hashicorp/aws\"]",
      "instances": [
        {
          "schema_version": 1,
          "attributes": {
            "arn": "arn:aws:ec2:ap-southeast-1:740429191204:security-group/sg-04d7e64f69933d98a",
            "description": "Security group used in Ethereum network cipherem-zkrollup",
            "egress": [
              {
                "cidr_blocks": [
                  "0.0.0.0/0"
                ],
                "description": "Allow traffic for geth",
                "from_port": 0,
                "ipv6_cidr_blocks": [],
                "prefix_list_ids": [],
                "protocol": "-1",
                "security_groups": [],
                "self": false,
                "to_port": 0
              }
            ],
            "id": "sg-04d7e64f69933d98a",
            "ingress": [
              {
                "cidr_blocks": [
                  "0.0.0.0/0"
                ],
                "description": "Allow traffic for geth p2p and rpc",
                "from_port": 21000,
                "ipv6_cidr_blocks": [],
                "prefix_list_ids": [],
                "protocol": "tcp",
                "security_groups": [],
                "self": false,
                "to_port": 22000
              }
            ],
            "name": "go-ethereum-sg-cipherem-zkrollup",
            "name_prefix": "",
            "owner_id": "740429191204",
            "revoke_rules_on_delete": false,
            "tags": {
              "EthereumNetworkName": "cipherem-zkrollup",
              "Name": "ethereum-sg-cipherem-zkrollup"
            },
            "tags_all": {
              "EthereumNetworkName": "cipherem-zkrollup",
              "Name": "ethereum-sg-cipherem-zkrollup"
            },
            "timeouts": null,
            "vpc_id": "vpc-062bb1913e6cfe4e8"
          },
          "sensitive_attributes": [],
          "private": "eyJlMmJmYjczMC1lY2FhLTExZTYtOGY4OC0zNDM2M2JjN2M0YzAiOnsiY3JlYXRlIjo2MDAwMDAwMDAwMDAsImRlbGV0ZSI6OTAwMDAwMDAwMDAwfSwic2NoZW1hX3ZlcnNpb24iOiIxIn0="
        }
      ]
    },
    {
      "module": "module.cipherem",
      "mode": "managed",
      "type": "random_id",
      "name": "bucket_postfix",
      "provider": "provider[\"registry.terraform.io/hashicorp/random\"]",
      "instances": [
        {
          "schema_version": 0,
          "attributes": {
            "b64_std": "NO683g8LVtQ=",
            "b64_url": "NO683g8LVtQ",
            "byte_length": 8,
            "dec": "3814193596350551764",
            "hex": "34eebcde0f0b56d4",
            "id": "NO683g8LVtQ",
            "keepers": null,
            "prefix": null
          },
          "sensitive_attributes": []
        }
      ]
    },
    {
      "module": "module.cipherem",
      "mode": "managed",
      "type": "random_integer",
      "name": "network_id",
      "provider": "provider[\"registry.terraform.io/hashicorp/random\"]",
      "instances": [
        {
          "schema_version": 0,
          "attributes": {
            "id": "7109",
            "keepers": {
              "changes_when": "cipherem-zkrollup"
            },
            "max": 9999,
            "min": 2018,
            "result": 7109,
            "seed": null
          },
          "sensitive_attributes": []
        }
      ]
    }
  ],
  "check_results": null
}
